
Microsoft Visual Studio Solution File, Format Version 12.00
# Visual Studio Version 16
VisualStudioVersion = 16.0.29613.14
MinimumVisualStudioVersion = 10.0.40219.1
Project("{FAE04EC0-301F-11D3-BF4B-00C04F79EFBC}") = "MyWebsite", "MyWebsite\MyWebsite.csproj", "{8813CE7D-8EC5-41D9-897D-966973F0154A}"
EndProject
Global
	GlobalSection(SolutionConfigurationPlatforms) = preSolution
		Debug|Any CPU = Debug|Any CPU
		Release|Any CPU = Release|Any CPU
	EndGlobalSection
	GlobalSection(ProjectConfigurationPlatforms) = postSolution
		{8813CE7D-8EC5-41D9-897D-966973F0154A}.Debug|Any CPU.ActiveCfg = Debug|Any CPU
		{8813CE7D-8EC5-41D9-897D-966973F0154A}.Debug|Any CPU.Build.0 = Debug|Any CPU
		{8813CE7D-8EC5-41D9-897D-966973F0154A}.Release|Any CPU.ActiveCfg = Release|Any CPU
		{8813CE7D-8EC5-41D9-897D-966973F0154A}.Release|Any CPU.Build.0 = Release|Any CPU
	EndGlobalSection
	GlobalSection(SolutionProperties) = preSolution
		HideSolutionNode = FALSE
	EndGlobalSection
	GlobalSection(ExtensibilityGlobals) = postSolution
		SolutionGuid = {D38D7CDC-B73D-4906-ADEB-3FFDADA912D4}
	EndGlobalSection
EndGlobal
